
Microsoft Visual Studio Solution File, Format Version 12.00
# Visual Studio 15
VisualStudioVersion = 15.0.27703.2035
MinimumVisualStudioVersion = 10.0.40219.1
Project("{FAE04EC0-301F-11D3-BF4B-00C04F79EFBC}") = "DBXV2NSSaveEditor", "DBXV2NSSaveEditor\DBXV2NSSaveEditor.csproj", "{A6F82710-7D84-4946-8D76-C1244929FE85}"
EndProject
Global
	GlobalSection(SolutionConfigurationPlatforms) = preSolution
		Debug|Any CPU = Debug|Any CPU
		Release|Any CPU = Release|Any CPU
	EndGlobalSection
	GlobalSection(ProjectConfigurationPlatforms) = postSolution
		{A6F82710-7D84-4946-8D76-C1244929FE85}.Debug|Any CPU.ActiveCfg = Debug|Any CPU
		{A6F82710-7D84-4946-8D76-C1244929FE85}.Debug|Any CPU.Build.0 = Debug|Any CPU
		{A6F82710-7D84-4946-8D76-C1244929FE85}.Release|Any CPU.ActiveCfg = Release|Any CPU
		{A6F82710-7D84-4946-8D76-C1244929FE85}.Release|Any CPU.Build.0 = Release|Any CPU
	EndGlobalSection
	GlobalSection(SolutionProperties) = preSolution
		HideSolutionNode = FALSE
	EndGlobalSection
	GlobalSection(ExtensibilityGlobals) = postSolution
		SolutionGuid = {591996D1-F1BF-4217-8EBA-CB0AE6A8931D}
	EndGlobalSection
EndGlobal
